// !$*UTF8*$!
{
	archiveVersion = 1;
	classes = {
	};
	objectVersion = 56;
	objects = {

/* Begin PBXBuildFile section */
		7936BD8D2C2DF92300E92F0A /* RemoteAddAccountTests.swift in Sources */ = {isa = PBXBuildFile; fileRef = 7936BD8B2C2DF92300E92F0A /* RemoteAddAccountTests.swift */; };
		7936BD932C2DF9DB00E92F0A /* HttpPostClient.swift in Sources */ = {isa = PBXBuildFile; fileRef = 7936BD8E2C2DF9DA00E92F0A /* HttpPostClient.swift */; };
		7936BD942C2DF9DB00E92F0A /* HttpError.swift in Sources */ = {isa = PBXBuildFile; fileRef = 7936BD8F2C2DF9DA00E92F0A /* HttpError.swift */; };
		7936BD952C2DF9DB00E92F0A /* RemoteAddAccount.swift in Sources */ = {isa = PBXBuildFile; fileRef = 7936BD912C2DF9DA00E92F0A /* RemoteAddAccount.swift */; };
		79582ED72C5831C300D60ABD /* DomainError.swift in Sources */ = {isa = PBXBuildFile; fileRef = 79582ED62C5831C300D60ABD /* DomainError.swift */; };
		79582EDF2C5A8C8900D60ABD /* MovieTheaterDayApp.swift in Sources */ = {isa = PBXBuildFile; fileRef = 79582EDE2C5A8C8900D60ABD /* MovieTheaterDayApp.swift */; };
		79582EE12C5A8C8900D60ABD /* ContentView.swift in Sources */ = {isa = PBXBuildFile; fileRef = 79582EE02C5A8C8900D60ABD /* ContentView.swift */; };
		79582EE32C5A8C8B00D60ABD /* Assets.xcassets in Resources */ = {isa = PBXBuildFile; fileRef = 79582EE22C5A8C8B00D60ABD /* Assets.xcassets */; };
		79582EE72C5A8C8B00D60ABD /* Preview Assets.xcassets in Resources */ = {isa = PBXBuildFile; fileRef = 79582EE62C5A8C8B00D60ABD /* Preview Assets.xcassets */; };
		79A99E342CD13846005BCF8C /* ExtesionHelpers.swift in Sources */ = {isa = PBXBuildFile; fileRef = 79A99E332CD13846005BCF8C /* ExtesionHelpers.swift */; };
		79EB78C02C2B332D00CC7CD8 /* AddAccount.swift in Sources */ = {isa = PBXBuildFile; fileRef = 79EB78BF2C2B332D00CC7CD8 /* AddAccount.swift */; };
		79EB78C22C2B36C300CC7CD8 /* Model.swift in Sources */ = {isa = PBXBuildFile; fileRef = 79EB78C12C2B36C300CC7CD8 /* Model.swift */; };
		79EB78C62C2B3B8200CC7CD8 /* AccountModel.swift in Sources */ = {isa = PBXBuildFile; fileRef = 79EB78C52C2B3B8200CC7CD8 /* AccountModel.swift */; };
		79EB78D42C2B3D0200CC7CD8 /* Data.framework in Frameworks */ = {isa = PBXBuildFile; fileRef = 79EB78CC2C2B3D0200CC7CD8 /* Data.framework */; };
		79EB78E22C2B3D6300CC7CD8 /* Domain.framework in Frameworks */ = {isa = PBXBuildFile; fileRef = 79EB78B62C2B322500CC7CD8 /* Domain.framework */; };
		79EB78E32C2B3D6300CC7CD8 /* Domain.framework in Embed Frameworks */ = {isa = PBXBuildFile; fileRef = 79EB78B62C2B322500CC7CD8 /* Domain.framework */; settings = {ATTRIBUTES = (CodeSignOnCopy, RemoveHeadersOnCopy, ); }; };
		79EB78E82C2B66D000CC7CD8 /* CredentialRequestModel.swift in Sources */ = {isa = PBXBuildFile; fileRef = 79EB78E72C2B66D000CC7CD8 /* CredentialRequestModel.swift */; };
		79EB78EA2C2B673000CC7CD8 /* TokenModel.swift in Sources */ = {isa = PBXBuildFile; fileRef = 79EB78E92C2B673000CC7CD8 /* TokenModel.swift */; };
		79EB78EC2C2B696C00CC7CD8 /* Authentication.swift in Sources */ = {isa = PBXBuildFile; fileRef = 79EB78EB2C2B696C00CC7CD8 /* Authentication.swift */; };
/* End PBXBuildFile section */

/* Begin PBXContainerItemProxy section */
		79EB78D52C2B3D0200CC7CD8 /* PBXContainerItemProxy */ = {
			isa = PBXContainerItemProxy;
			containerPortal = 79EB787A2C2B277C00CC7CD8 /* Project object */;
			proxyType = 1;
			remoteGlobalIDString = 79EB78CB2C2B3D0200CC7CD8;
			remoteInfo = Data;
		};
		79EB78E42C2B3D6300CC7CD8 /* PBXContainerItemProxy */ = {
			isa = PBXContainerItemProxy;
			containerPortal = 79EB787A2C2B277C00CC7CD8 /* Project object */;
			proxyType = 1;
			remoteGlobalIDString = 79EB78B52C2B322500CC7CD8;
			remoteInfo = Domain;
		};
/* End PBXContainerItemProxy section */

/* Begin PBXCopyFilesBuildPhase section */
		79EB78E62C2B3D6400CC7CD8 /* Embed Frameworks */ = {
			isa = PBXCopyFilesBuildPhase;
			buildActionMask = 2147483647;
			dstPath = "";
			dstSubfolderSpec = 10;
			files = (
				79EB78E32C2B3D6300CC7CD8 /* Domain.framework in Embed Frameworks */,
			);
			name = "Embed Frameworks";
			runOnlyForDeploymentPostprocessing = 0;
		};
/* End PBXCopyFilesBuildPhase section */

/* Begin PBXFileReference section */
		7936BD8B2C2DF92300E92F0A /* RemoteAddAccountTests.swift */ = {isa = PBXFileReference; fileEncoding = 4; lastKnownFileType = sourcecode.swift; path = RemoteAddAccountTests.swift; sourceTree = "<group>"; };
		7936BD8E2C2DF9DA00E92F0A /* HttpPostClient.swift */ = {isa = PBXFileReference; fileEncoding = 4; lastKnownFileType = sourcecode.swift; path = HttpPostClient.swift; sourceTree = "<group>"; };
		7936BD8F2C2DF9DA00E92F0A /* HttpError.swift */ = {isa = PBXFileReference; fileEncoding = 4; lastKnownFileType = sourcecode.swift; path = HttpError.swift; sourceTree = "<group>"; };
		7936BD912C2DF9DA00E92F0A /* RemoteAddAccount.swift */ = {isa = PBXFileReference; fileEncoding = 4; lastKnownFileType = sourcecode.swift; path = RemoteAddAccount.swift; sourceTree = "<group>"; };
		79582ED62C5831C300D60ABD /* DomainError.swift */ = {isa = PBXFileReference; lastKnownFileType = sourcecode.swift; path = DomainError.swift; sourceTree = "<group>"; };
		79582EDC2C5A8C8900D60ABD /* MovieTheaterDay.app */ = {isa = PBXFileReference; explicitFileType = wrapper.application; includeInIndex = 0; path = MovieTheaterDay.app; sourceTree = BUILT_PRODUCTS_DIR; };
		79582EDE2C5A8C8900D60ABD /* MovieTheaterDayApp.swift */ = {isa = PBXFileReference; lastKnownFileType = sourcecode.swift; path = MovieTheaterDayApp.swift; sourceTree = "<group>"; };
		79582EE02C5A8C8900D60ABD /* ContentView.swift */ = {isa = PBXFileReference; lastKnownFileType = sourcecode.swift; path = ContentView.swift; sourceTree = "<group>"; };
		79582EE22C5A8C8B00D60ABD /* Assets.xcassets */ = {isa = PBXFileReference; lastKnownFileType = folder.assetcatalog; path = Assets.xcassets; sourceTree = "<group>"; };
		79582EE42C5A8C8B00D60ABD /* MovieTheaterDay.entitlements */ = {isa = PBXFileReference; lastKnownFileType = text.plist.entitlements; path = MovieTheaterDay.entitlements; sourceTree = "<group>"; };
		79582EE62C5A8C8B00D60ABD /* Preview Assets.xcassets */ = {isa = PBXFileReference; lastKnownFileType = folder.assetcatalog; path = "Preview Assets.xcassets"; sourceTree = "<group>"; };
		79A99E332CD13846005BCF8C /* ExtesionHelpers.swift */ = {isa = PBXFileReference; lastKnownFileType = sourcecode.swift; path = ExtesionHelpers.swift; sourceTree = "<group>"; };
		79EB78B62C2B322500CC7CD8 /* Domain.framework */ = {isa = PBXFileReference; explicitFileType = wrapper.framework; includeInIndex = 0; path = Domain.framework; sourceTree = BUILT_PRODUCTS_DIR; };
		79EB78BF2C2B332D00CC7CD8 /* AddAccount.swift */ = {isa = PBXFileReference; lastKnownFileType = sourcecode.swift; path = AddAccount.swift; sourceTree = "<group>"; };
		79EB78C12C2B36C300CC7CD8 /* Model.swift */ = {isa = PBXFileReference; lastKnownFileType = sourcecode.swift; path = Model.swift; sourceTree = "<group>"; };
		79EB78C52C2B3B8200CC7CD8 /* AccountModel.swift */ = {isa = PBXFileReference; lastKnownFileType = sourcecode.swift; path = AccountModel.swift; sourceTree = "<group>"; };
		79EB78CC2C2B3D0200CC7CD8 /* Data.framework */ = {isa = PBXFileReference; explicitFileType = wrapper.framework; includeInIndex = 0; path = Data.framework; sourceTree = BUILT_PRODUCTS_DIR; };
		79EB78D32C2B3D0200CC7CD8 /* DataTests.xctest */ = {isa = PBXFileReference; explicitFileType = wrapper.cfbundle; includeInIndex = 0; path = DataTests.xctest; sourceTree = BUILT_PRODUCTS_DIR; };
		79EB78E72C2B66D000CC7CD8 /* CredentialRequestModel.swift */ = {isa = PBXFileReference; lastKnownFileType = sourcecode.swift; path = CredentialRequestModel.swift; sourceTree = "<group>"; };
		79EB78E92C2B673000CC7CD8 /* TokenModel.swift */ = {isa = PBXFileReference; lastKnownFileType = sourcecode.swift; path = TokenModel.swift; sourceTree = "<group>"; };
		79EB78EB2C2B696C00CC7CD8 /* Authentication.swift */ = {isa = PBXFileReference; lastKnownFileType = sourcecode.swift; path = Authentication.swift; sourceTree = "<group>"; };
/* End PBXFileReference section */

/* Begin PBXFrameworksBuildPhase section */
		79582ED92C5A8C8900D60ABD /* Frameworks */ = {
			isa = PBXFrameworksBuildPhase;
			buildActionMask = 2147483647;
			files = (
			);
			runOnlyForDeploymentPostprocessing = 0;
		};
		79EB78B32C2B322500CC7CD8 /* Frameworks */ = {
			isa = PBXFrameworksBuildPhase;
			buildActionMask = 2147483647;
			files = (
			);
			runOnlyForDeploymentPostprocessing = 0;
		};
		79EB78C92C2B3D0200CC7CD8 /* Frameworks */ = {
			isa = PBXFrameworksBuildPhase;
			buildActionMask = 2147483647;
			files = (
				79EB78E22C2B3D6300CC7CD8 /* Domain.framework in Frameworks */,
			);
			runOnlyForDeploymentPostprocessing = 0;
		};
		79EB78D02C2B3D0200CC7CD8 /* Frameworks */ = {
			isa = PBXFrameworksBuildPhase;
			buildActionMask = 2147483647;
			files = (
				79EB78D42C2B3D0200CC7CD8 /* Data.framework in Frameworks */,
			);
			runOnlyForDeploymentPostprocessing = 0;
		};
/* End PBXFrameworksBuildPhase section */

/* Begin PBXGroup section */
		7936BD8C2C2DF92300E92F0A /* UseCases */ = {
			isa = PBXGroup;
			children = (
				7936BD8B2C2DF92300E92F0A /* RemoteAddAccountTests.swift */,
			);
			path = UseCases;
			sourceTree = "<group>";
		};
		7936BD902C2DF9DA00E92F0A /* Http */ = {
			isa = PBXGroup;
			children = (
				7936BD8E2C2DF9DA00E92F0A /* HttpPostClient.swift */,
				7936BD8F2C2DF9DA00E92F0A /* HttpError.swift */,
			);
			path = Http;
			sourceTree = "<group>";
		};
		7936BD922C2DF9DA00E92F0A /* UseCases */ = {
			isa = PBXGroup;
			children = (
				7936BD912C2DF9DA00E92F0A /* RemoteAddAccount.swift */,
			);
			path = UseCases;
			sourceTree = "<group>";
		};
		79582ED52C5831A600D60ABD /* Erros */ = {
			isa = PBXGroup;
			children = (
				79582ED62C5831C300D60ABD /* DomainError.swift */,
			);
			path = Erros;
			sourceTree = "<group>";
		};
		79582EDD2C5A8C8900D60ABD /* MovieTheaterDay */ = {
			isa = PBXGroup;
			children = (
				79582EDE2C5A8C8900D60ABD /* MovieTheaterDayApp.swift */,
				79582EE02C5A8C8900D60ABD /* ContentView.swift */,
				79582EE22C5A8C8B00D60ABD /* Assets.xcassets */,
				79582EE42C5A8C8B00D60ABD /* MovieTheaterDay.entitlements */,
				79582EE52C5A8C8B00D60ABD /* Preview Content */,
			);
			path = MovieTheaterDay;
			sourceTree = "<group>";
		};
		79582EE52C5A8C8B00D60ABD /* Preview Content */ = {
			isa = PBXGroup;
			children = (
				79582EE62C5A8C8B00D60ABD /* Preview Assets.xcassets */,
			);
			path = "Preview Content";
			sourceTree = "<group>";
		};
		79A99E322CD13819005BCF8C /* Helpers */ = {
			isa = PBXGroup;
			children = (
				79A99E332CD13846005BCF8C /* ExtesionHelpers.swift */,
			);
			path = Helpers;
			sourceTree = "<group>";
		};
		79EB78792C2B277C00CC7CD8 = {
			isa = PBXGroup;
			children = (
				79EB78B72C2B322500CC7CD8 /* Domain */,
				79EB78CD2C2B3D0200CC7CD8 /* Data */,
				79EB78D72C2B3D0200CC7CD8 /* DataTests */,
				79582EDD2C5A8C8900D60ABD /* MovieTheaterDay */,
				79EB78832C2B277C00CC7CD8 /* Products */,
				79EB78E12C2B3D6300CC7CD8 /* Frameworks */,
			);
			sourceTree = "<group>";
		};
		79EB78832C2B277C00CC7CD8 /* Products */ = {
			isa = PBXGroup;
			children = (
				79EB78B62C2B322500CC7CD8 /* Domain.framework */,
				79EB78CC2C2B3D0200CC7CD8 /* Data.framework */,
				79EB78D32C2B3D0200CC7CD8 /* DataTests.xctest */,
				79582EDC2C5A8C8900D60ABD /* MovieTheaterDay.app */,
			);
			name = Products;
			sourceTree = "<group>";
		};
		79EB78B72C2B322500CC7CD8 /* Domain */ = {
			isa = PBXGroup;
			children = (
				79582ED52C5831A600D60ABD /* Erros */,
				79EB78C42C2B3B5800CC7CD8 /* Models */,
				79EB78C32C2B3A6500CC7CD8 /* UseCases */,
			);
			path = Domain;
			sourceTree = "<group>";
		};
		79EB78C32C2B3A6500CC7CD8 /* UseCases */ = {
			isa = PBXGroup;
			children = (
				79EB78BF2C2B332D00CC7CD8 /* AddAccount.swift */,
				79EB78EB2C2B696C00CC7CD8 /* Authentication.swift */,
			);
			path = UseCases;
			sourceTree = "<group>";
		};
		79EB78C42C2B3B5800CC7CD8 /* Models */ = {
			isa = PBXGroup;
			children = (
				79EB78C12C2B36C300CC7CD8 /* Model.swift */,
				79EB78C52C2B3B8200CC7CD8 /* AccountModel.swift */,
				79EB78E72C2B66D000CC7CD8 /* CredentialRequestModel.swift */,
				79EB78E92C2B673000CC7CD8 /* TokenModel.swift */,
			);
			path = Models;
			sourceTree = "<group>";
		};
		79EB78CD2C2B3D0200CC7CD8 /* Data */ = {
			isa = PBXGroup;
			children = (
				79A99E322CD13819005BCF8C /* Helpers */,
				7936BD902C2DF9DA00E92F0A /* Http */,
				7936BD922C2DF9DA00E92F0A /* UseCases */,
			);
			path = Data;
			sourceTree = "<group>";
		};
		79EB78D72C2B3D0200CC7CD8 /* DataTests */ = {
			isa = PBXGroup;
			children = (
				7936BD8C2C2DF92300E92F0A /* UseCases */,
			);
			path = DataTests;
			sourceTree = "<group>";
		};
		79EB78E12C2B3D6300CC7CD8 /* Frameworks */ = {
			isa = PBXGroup;
			children = (
			);
			name = Frameworks;
			sourceTree = "<group>";
		};
/* End PBXGroup section */

/* Begin PBXHeadersBuildPhase section */
		79EB78B12C2B322500CC7CD8 /* Headers */ = {
			isa = PBXHeadersBuildPhase;
			buildActionMask = 2147483647;
			files = (
			);
			runOnlyForDeploymentPostprocessing = 0;
		};
		79EB78C72C2B3D0200CC7CD8 /* Headers */ = {
			isa = PBXHeadersBuildPhase;
			buildActionMask = 2147483647;
			files = (
			);
			runOnlyForDeploymentPostprocessing = 0;
		};
/* End PBXHeadersBuildPhase section */

/* Begin PBXNativeTarget section */
		79582EDB2C5A8C8900D60ABD /* MovieTheaterDay */ = {
			isa = PBXNativeTarget;
			buildConfigurationList = 79582EE82C5A8C8B00D60ABD /* Build configuration list for PBXNativeTarget "MovieTheaterDay" */;
			buildPhases = (
				79582ED82C5A8C8900D60ABD /* Sources */,
				79582ED92C5A8C8900D60ABD /* Frameworks */,
				79582EDA2C5A8C8900D60ABD /* Resources */,
			);
			buildRules = (
			);
			dependencies = (
			);
			name = MovieTheaterDay;
			productName = MovieTheaterDay;
			productReference = 79582EDC2C5A8C8900D60ABD /* MovieTheaterDay.app */;
			productType = "com.apple.product-type.application";
		};
		79EB78B52C2B322500CC7CD8 /* Domain */ = {
			isa = PBXNativeTarget;
			buildConfigurationList = 79EB78BC2C2B322500CC7CD8 /* Build configuration list for PBXNativeTarget "Domain" */;
			buildPhases = (
				79EB78B12C2B322500CC7CD8 /* Headers */,
				79EB78B22C2B322500CC7CD8 /* Sources */,
				79EB78B32C2B322500CC7CD8 /* Frameworks */,
				79EB78B42C2B322500CC7CD8 /* Resources */,
			);
			buildRules = (
			);
			dependencies = (
			);
			name = Domain;
			productName = Domain;
			productReference = 79EB78B62C2B322500CC7CD8 /* Domain.framework */;
			productType = "com.apple.product-type.framework";
		};
		79EB78CB2C2B3D0200CC7CD8 /* Data */ = {
			isa = PBXNativeTarget;
			buildConfigurationList = 79EB78DB2C2B3D0200CC7CD8 /* Build configuration list for PBXNativeTarget "Data" */;
			buildPhases = (
				79EB78C72C2B3D0200CC7CD8 /* Headers */,
				79EB78C82C2B3D0200CC7CD8 /* Sources */,
				79EB78C92C2B3D0200CC7CD8 /* Frameworks */,
				79EB78CA2C2B3D0200CC7CD8 /* Resources */,
				79EB78E62C2B3D6400CC7CD8 /* Embed Frameworks */,
			);
			buildRules = (
			);
			dependencies = (
				79EB78E52C2B3D6300CC7CD8 /* PBXTargetDependency */,
			);
			name = Data;
			productName = Data;
			productReference = 79EB78CC2C2B3D0200CC7CD8 /* Data.framework */;
			productType = "com.apple.product-type.framework";
		};
		79EB78D22C2B3D0200CC7CD8 /* DataTests */ = {
			isa = PBXNativeTarget;
			buildConfigurationList = 79EB78DE2C2B3D0200CC7CD8 /* Build configuration list for PBXNativeTarget "DataTests" */;
			buildPhases = (
				79EB78CF2C2B3D0200CC7CD8 /* Sources */,
				79EB78D02C2B3D0200CC7CD8 /* Frameworks */,
				79EB78D12C2B3D0200CC7CD8 /* Resources */,
			);
			buildRules = (
			);
			dependencies = (
				79EB78D62C2B3D0200CC7CD8 /* PBXTargetDependency */,
			);
			name = DataTests;
			productName = DataTests;
			productReference = 79EB78D32C2B3D0200CC7CD8 /* DataTests.xctest */;
			productType = "com.apple.product-type.bundle.unit-test";
		};
/* End PBXNativeTarget section */

/* Begin PBXProject section */
		79EB787A2C2B277C00CC7CD8 /* Project object */ = {
			isa = PBXProject;
			attributes = {
				BuildIndependentTargetsInParallel = 1;
				LastSwiftUpdateCheck = 1540;
				LastUpgradeCheck = 1540;
				TargetAttributes = {
					79582EDB2C5A8C8900D60ABD = {
						CreatedOnToolsVersion = 15.4;
					};
					79EB78B52C2B322500CC7CD8 = {
						CreatedOnToolsVersion = 15.4;
					};
					79EB78CB2C2B3D0200CC7CD8 = {
						CreatedOnToolsVersion = 15.4;
					};
					79EB78D22C2B3D0200CC7CD8 = {
						CreatedOnToolsVersion = 15.4;
					};
				};
			};
			buildConfigurationList = 79EB787D2C2B277C00CC7CD8 /* Build configuration list for PBXProject "MovieTheaterDay" */;
			compatibilityVersion = "Xcode 14.0";
			developmentRegion = en;
			hasScannedForEncodings = 0;
			knownRegions = (
				en,
				Base,
			);
			mainGroup = 79EB78792C2B277C00CC7CD8;
			packageReferences = (
				79EB78B02C2B306100CC7CD8 /* XCRemoteSwiftPackageReference "Alamofire" */,
			);
			productRefGroup = 79EB78832C2B277C00CC7CD8 /* Products */;
			projectDirPath = "";
			projectRoot = "";
			targets = (
				79EB78B52C2B322500CC7CD8 /* Domain */,
				79EB78CB2C2B3D0200CC7CD8 /* Data */,
				79EB78D22C2B3D0200CC7CD8 /* DataTests */,
				79582EDB2C5A8C8900D60ABD /* MovieTheaterDay */,
			);
		};
/* End PBXProject section */

/* Begin PBXResourcesBuildPhase section */
		79582EDA2C5A8C8900D60ABD /* Resources */ = {
			isa = PBXResourcesBuildPhase;
			buildActionMask = 2147483647;
			files = (
				79582EE72C5A8C8B00D60ABD /* Preview Assets.xcassets in Resources */,
				79582EE32C5A8C8B00D60ABD /* Assets.xcassets in Resources */,
			);
			runOnlyForDeploymentPostprocessing = 0;
		};
		79EB78B42C2B322500CC7CD8 /* Resources */ = {
			isa = PBXResourcesBuildPhase;
			buildActionMask = 2147483647;
			files = (
			);
			runOnlyForDeploymentPostprocessing = 0;
		};
		79EB78CA2C2B3D0200CC7CD8 /* Resources */ = {
			isa = PBXResourcesBuildPhase;
			buildActionMask = 2147483647;
			files = (
			);
			runOnlyForDeploymentPostprocessing = 0;
		};
		79EB78D12C2B3D0200CC7CD8 /* Resources */ = {
			isa = PBXResourcesBuildPhase;
			buildActionMask = 2147483647;
			files = (
			);
			runOnlyForDeploymentPostprocessing = 0;
		};
/* End PBXResourcesBuildPhase section */

/* Begin PBXSourcesBuildPhase section */
		79582ED82C5A8C8900D60ABD /* Sources */ = {
			isa = PBXSourcesBuildPhase;
			buildActionMask = 2147483647;
			files = (
				79582EE12C5A8C8900D60ABD /* ContentView.swift in Sources */,
				79582EDF2C5A8C8900D60ABD /* MovieTheaterDayApp.swift in Sources */,
			);
			runOnlyForDeploymentPostprocessing = 0;
		};
		79EB78B22C2B322500CC7CD8 /* Sources */ = {
			isa = PBXSourcesBuildPhase;
			buildActionMask = 2147483647;
			files = (
				79EB78E82C2B66D000CC7CD8 /* CredentialRequestModel.swift in Sources */,
				79EB78C22C2B36C300CC7CD8 /* Model.swift in Sources */,
				79EB78C02C2B332D00CC7CD8 /* AddAccount.swift in Sources */,
				79EB78EA2C2B673000CC7CD8 /* TokenModel.swift in Sources */,
				79EB78C62C2B3B8200CC7CD8 /* AccountModel.swift in Sources */,
				79582ED72C5831C300D60ABD /* DomainError.swift in Sources */,
				79EB78EC2C2B696C00CC7CD8 /* Authentication.swift in Sources */,
			);
			runOnlyForDeploymentPostprocessing = 0;
		};
		79EB78C82C2B3D0200CC7CD8 /* Sources */ = {
			isa = PBXSourcesBuildPhase;
			buildActionMask = 2147483647;
			files = (
				7936BD952C2DF9DB00E92F0A /* RemoteAddAccount.swift in Sources */,
				7936BD942C2DF9DB00E92F0A /* HttpError.swift in Sources */,
				79A99E342CD13846005BCF8C /* ExtesionHelpers.swift in Sources */,
				7936BD932C2DF9DB00E92F0A /* HttpPostClient.swift in Sources */,
			);
			runOnlyForDeploymentPostprocessing = 0;
		};
		79EB78CF2C2B3D0200CC7CD8 /* Sources */ = {
			isa = PBXSourcesBuildPhase;
			buildActionMask = 2147483647;
			files = (
				7936BD8D2C2DF92300E92F0A /* RemoteAddAccountTests.swift in Sources */,
			);
			runOnlyForDeploymentPostprocessing = 0;
		};
/* End PBXSourcesBuildPhase section */

/* Begin PBXTargetDependency section */
		79EB78D62C2B3D0200CC7CD8 /* PBXTargetDependency */ = {
			isa = PBXTargetDependency;
			target = 79EB78CB2C2B3D0200CC7CD8 /* Data */;
			targetProxy = 79EB78D52C2B3D0200CC7CD8 /* PBXContainerItemProxy */;
		};
		79EB78E52C2B3D6300CC7CD8 /* PBXTargetDependency */ = {
			isa = PBXTargetDependency;
			target = 79EB78B52C2B322500CC7CD8 /* Domain */;
			targetProxy = 79EB78E42C2B3D6300CC7CD8 /* PBXContainerItemProxy */;
		};
/* End PBXTargetDependency section */

/* Begin XCBuildConfiguration section */
		79582EE92C5A8C8B00D60ABD /* Debug */ = {
			isa = XCBuildConfiguration;
			buildSettings = {
				ASSETCATALOG_COMPILER_APPICON_NAME = AppIcon;
				ASSETCATALOG_COMPILER_GLOBAL_ACCENT_COLOR_NAME = AccentColor;
				CODE_SIGN_ENTITLEMENTS = MovieTheaterDay/MovieTheaterDay.entitlements;
				CODE_SIGN_STYLE = Automatic;
				CURRENT_PROJECT_VERSION = 1;
				DEVELOPMENT_ASSET_PATHS = "\"MovieTheaterDay/Preview Content\"";
				DEVELOPMENT_TEAM = X8H927JWHE;
				ENABLE_HARDENED_RUNTIME = YES;
				ENABLE_PREVIEWS = YES;
				GENERATE_INFOPLIST_FILE = YES;
				"INFOPLIST_KEY_UIApplicationSceneManifest_Generation[sdk=iphoneos*]" = YES;
				"INFOPLIST_KEY_UIApplicationSceneManifest_Generation[sdk=iphonesimulator*]" = YES;
				"INFOPLIST_KEY_UIApplicationSupportsIndirectInputEvents[sdk=iphoneos*]" = YES;
				"INFOPLIST_KEY_UIApplicationSupportsIndirectInputEvents[sdk=iphonesimulator*]" = YES;
				"INFOPLIST_KEY_UILaunchScreen_Generation[sdk=iphoneos*]" = YES;
				"INFOPLIST_KEY_UILaunchScreen_Generation[sdk=iphonesimulator*]" = YES;
				"INFOPLIST_KEY_UIStatusBarStyle[sdk=iphoneos*]" = UIStatusBarStyleDefault;
				"INFOPLIST_KEY_UIStatusBarStyle[sdk=iphonesimulator*]" = UIStatusBarStyleDefault;
				INFOPLIST_KEY_UISupportedInterfaceOrientations_iPad = "UIInterfaceOrientationPortrait UIInterfaceOrientationPortraitUpsideDown UIInterfaceOrientationLandscapeLeft UIInterfaceOrientationLandscapeRight";
				INFOPLIST_KEY_UISupportedInterfaceOrientations_iPhone = "UIInterfaceOrientationPortrait UIInterfaceOrientationLandscapeLeft UIInterfaceOrientationLandscapeRight";
				IPHONEOS_DEPLOYMENT_TARGET = 15.0;
				LD_RUNPATH_SEARCH_PATHS = "@executable_path/Frameworks";
				"LD_RUNPATH_SEARCH_PATHS[sdk=macosx*]" = "@executable_path/../Frameworks";
				MACOSX_DEPLOYMENT_TARGET = 12.0;
				MARKETING_VERSION = 1.0;
				PRODUCT_BUNDLE_IDENTIFIER = com.andrehaas.MovieTheaterDay;
				PRODUCT_NAME = "$(TARGET_NAME)";
				SDKROOT = auto;
				SUPPORTED_PLATFORMS = "iphoneos iphonesimulator macosx";
				SWIFT_EMIT_LOC_STRINGS = YES;
				SWIFT_VERSION = 5.0;
				TARGETED_DEVICE_FAMILY = "1,2";
			};
			name = Debug;
		};
		79582EEA2C5A8C8B00D60ABD /* Release */ = {
			isa = XCBuildConfiguration;
			buildSettings = {
				ASSETCATALOG_COMPILER_APPICON_NAME = AppIcon;
				ASSETCATALOG_COMPILER_GLOBAL_ACCENT_COLOR_NAME = AccentColor;
				CODE_SIGN_ENTITLEMENTS = MovieTheaterDay/MovieTheaterDay.entitlements;
				CODE_SIGN_STYLE = Automatic;
				CURRENT_PROJECT_VERSION = 1;
				DEVELOPMENT_ASSET_PATHS = "\"MovieTheaterDay/Preview Content\"";
				DEVELOPMENT_TEAM = X8H927JWHE;
				ENABLE_HARDENED_RUNTIME = YES;
				ENABLE_PREVIEWS = YES;
				GENERATE_INFOPLIST_FILE = YES;
				"INFOPLIST_KEY_UIApplicationSceneManifest_Generation[sdk=iphoneos*]" = YES;
				"INFOPLIST_KEY_UIApplicationSceneManifest_Generation[sdk=iphonesimulator*]" = YES;
				"INFOPLIST_KEY_UIApplicationSupportsIndirectInputEvents[sdk=iphoneos*]" = YES;
				"INFOPLIST_KEY_UIApplicationSupportsIndirectInputEvents[sdk=iphonesimulator*]" = YES;
				"INFOPLIST_KEY_UILaunchScreen_Generation[sdk=iphoneos*]" = YES;
				"INFOPLIST_KEY_UILaunchScreen_Generation[sdk=iphonesimulator*]" = YES;
				"INFOPLIST_KEY_UIStatusBarStyle[sdk=iphoneos*]" = UIStatusBarStyleDefault;
				"INFOPLIST_KEY_UIStatusBarStyle[sdk=iphonesimulator*]" = UIStatusBarStyleDefault;
				INFOPLIST_KEY_UISupportedInterfaceOrientations_iPad = "UIInterfaceOrientationPortrait UIInterfaceOrientationPortraitUpsideDown UIInterfaceOrientationLandscapeLeft UIInterfaceOrientationLandscapeRight";
				INFOPLIST_KEY_UISupportedInterfaceOrientations_iPhone = "UIInterfaceOrientationPortrait UIInterfaceOrientationLandscapeLeft UIInterfaceOrientationLandscapeRight";
				IPHONEOS_DEPLOYMENT_TARGET = 15.0;
				LD_RUNPATH_SEARCH_PATHS = "@executable_path/Frameworks";
				"LD_RUNPATH_SEARCH_PATHS[sdk=macosx*]" = "@executable_path/../Frameworks";
				MACOSX_DEPLOYMENT_TARGET = 12.0;
				MARKETING_VERSION = 1.0;
				PRODUCT_BUNDLE_IDENTIFIER = com.andrehaas.MovieTheaterDay;
				PRODUCT_NAME = "$(TARGET_NAME)";
				SDKROOT = auto;
				SUPPORTED_PLATFORMS = "iphoneos iphonesimulator macosx";
				SWIFT_EMIT_LOC_STRINGS = YES;
				SWIFT_VERSION = 5.0;
				TARGETED_DEVICE_FAMILY = "1,2";
			};
			name = Release;
		};
		79EB78A52C2B277E00CC7CD8 /* Debug */ = {
			isa = XCBuildConfiguration;
			buildSettings = {
				ALWAYS_SEARCH_USER_PATHS = NO;
				ASSETCATALOG_COMPILER_GENERATE_SWIFT_ASSET_SYMBOL_EXTENSIONS = YES;
				CLANG_ANALYZER_NONNULL = YES;
				CLANG_ANALYZER_NUMBER_OBJECT_CONVERSION = YES_AGGRESSIVE;
				CLANG_CXX_LANGUAGE_STANDARD = "gnu++20";
				CLANG_ENABLE_MODULES = YES;
				CLANG_ENABLE_OBJC_ARC = YES;
				CLANG_ENABLE_OBJC_WEAK = YES;
				CLANG_WARN_BLOCK_CAPTURE_AUTORELEASING = YES;
				CLANG_WARN_BOOL_CONVERSION = YES;
				CLANG_WARN_COMMA = YES;
				CLANG_WARN_CONSTANT_CONVERSION = YES;
				CLANG_WARN_DEPRECATED_OBJC_IMPLEMENTATIONS = YES;
				CLANG_WARN_DIRECT_OBJC_ISA_USAGE = YES_ERROR;
				CLANG_WARN_DOCUMENTATION_COMMENTS = YES;
				CLANG_WARN_EMPTY_BODY = YES;
				CLANG_WARN_ENUM_CONVERSION = YES;
				CLANG_WARN_INFINITE_RECURSION = YES;
				CLANG_WARN_INT_CONVERSION = YES;
				CLANG_WARN_NON_LITERAL_NULL_CONVERSION = YES;
				CLANG_WARN_OBJC_IMPLICIT_RETAIN_SELF = YES;
				CLANG_WARN_OBJC_LITERAL_CONVERSION = YES;
				CLANG_WARN_OBJC_ROOT_CLASS = YES_ERROR;
				CLANG_WARN_QUOTED_INCLUDE_IN_FRAMEWORK_HEADER = YES;
				CLANG_WARN_RANGE_LOOP_ANALYSIS = YES;
				CLANG_WARN_STRICT_PROTOTYPES = YES;
				CLANG_WARN_SUSPICIOUS_MOVE = YES;
				CLANG_WARN_UNGUARDED_AVAILABILITY = YES_AGGRESSIVE;
				CLANG_WARN_UNREACHABLE_CODE = YES;
				CLANG_WARN__DUPLICATE_METHOD_MATCH = YES;
				COPY_PHASE_STRIP = NO;
				DEBUG_INFORMATION_FORMAT = dwarf;
				ENABLE_STRICT_OBJC_MSGSEND = YES;
				ENABLE_TESTABILITY = YES;
				ENABLE_USER_SCRIPT_SANDBOXING = YES;
				GCC_C_LANGUAGE_STANDARD = gnu17;
				GCC_DYNAMIC_NO_PIC = NO;
				GCC_NO_COMMON_BLOCKS = YES;
				GCC_OPTIMIZATION_LEVEL = 0;
				GCC_PREPROCESSOR_DEFINITIONS = (
					"DEBUG=1",
					"$(inherited)",
				);
				GCC_WARN_64_TO_32_BIT_CONVERSION = YES;
				GCC_WARN_ABOUT_RETURN_TYPE = YES_ERROR;
				GCC_WARN_UNDECLARED_SELECTOR = YES;
				GCC_WARN_UNINITIALIZED_AUTOS = YES_AGGRESSIVE;
				GCC_WARN_UNUSED_FUNCTION = YES;
				GCC_WARN_UNUSED_VARIABLE = YES;
				IPHONEOS_DEPLOYMENT_TARGET = 13.5;
				LOCALIZATION_PREFERS_STRING_CATALOGS = YES;
				MTL_ENABLE_DEBUG_INFO = INCLUDE_SOURCE;
				MTL_FAST_MATH = YES;
				ONLY_ACTIVE_ARCH = YES;
				SWIFT_ACTIVE_COMPILATION_CONDITIONS = "DEBUG $(inherited)";
				SWIFT_OPTIMIZATION_LEVEL = "-Onone";
			};
			name = Debug;
		};
		79EB78A62C2B277E00CC7CD8 /* Release */ = {
			isa = XCBuildConfiguration;
			buildSettings = {
				ALWAYS_SEARCH_USER_PATHS = NO;
				ASSETCATALOG_COMPILER_GENERATE_SWIFT_ASSET_SYMBOL_EXTENSIONS = YES;
				CLANG_ANALYZER_NONNULL = YES;
				CLANG_ANALYZER_NUMBER_OBJECT_CONVERSION = YES_AGGRESSIVE;
				CLANG_CXX_LANGUAGE_STANDARD = "gnu++20";
				CLANG_ENABLE_MODULES = YES;
				CLANG_ENABLE_OBJC_ARC = YES;
				CLANG_ENABLE_OBJC_WEAK = YES;
				CLANG_WARN_BLOCK_CAPTURE_AUTORELEASING = YES;
				CLANG_WARN_BOOL_CONVERSION = YES;
				CLANG_WARN_COMMA = YES;
				CLANG_WARN_CONSTANT_CONVERSION = YES;
				CLANG_WARN_DEPRECATED_OBJC_IMPLEMENTATIONS = YES;
				CLANG_WARN_DIRECT_OBJC_ISA_USAGE = YES_ERROR;
				CLANG_WARN_DOCUMENTATION_COMMENTS = YES;
				CLANG_WARN_EMPTY_BODY = YES;
				CLANG_WARN_ENUM_CONVERSION = YES;
				CLANG_WARN_INFINITE_RECURSION = YES;
				CLANG_WARN_INT_CONVERSION = YES;
				CLANG_WARN_NON_LITERAL_NULL_CONVERSION = YES;
				CLANG_WARN_OBJC_IMPLICIT_RETAIN_SELF = YES;
				CLANG_WARN_OBJC_LITERAL_CONVERSION = YES;
				CLANG_WARN_OBJC_ROOT_CLASS = YES_ERROR;
				CLANG_WARN_QUOTED_INCLUDE_IN_FRAMEWORK_HEADER = YES;
				CLANG_WARN_RANGE_LOOP_ANALYSIS = YES;
				CLANG_WARN_STRICT_PROTOTYPES = YES;
				CLANG_WARN_SUSPICIOUS_MOVE = YES;
				CLANG_WARN_UNGUARDED_AVAILABILITY = YES_AGGRESSIVE;
				CLANG_WARN_UNREACHABLE_CODE = YES;
				CLANG_WARN__DUPLICATE_METHOD_MATCH = YES;
				COPY_PHASE_STRIP = NO;
				DEBUG_INFORMATION_FORMAT = "dwarf-with-dsym";
				ENABLE_NS_ASSERTIONS = NO;
				ENABLE_STRICT_OBJC_MSGSEND = YES;
				ENABLE_USER_SCRIPT_SANDBOXING = YES;
				GCC_C_LANGUAGE_STANDARD = gnu17;
				GCC_NO_COMMON_BLOCKS = YES;
				GCC_WARN_64_TO_32_BIT_CONVERSION = YES;
				GCC_WARN_ABOUT_RETURN_TYPE = YES_ERROR;
				GCC_WARN_UNDECLARED_SELECTOR = YES;
				GCC_WARN_UNINITIALIZED_AUTOS = YES_AGGRESSIVE;
				GCC_WARN_UNUSED_FUNCTION = YES;
				GCC_WARN_UNUSED_VARIABLE = YES;
				IPHONEOS_DEPLOYMENT_TARGET = 13.5;
				LOCALIZATION_PREFERS_STRING_CATALOGS = YES;
				MTL_ENABLE_DEBUG_INFO = NO;
				MTL_FAST_MATH = YES;
				SWIFT_COMPILATION_MODE = wholemodule;
			};
			name = Release;
		};
		79EB78BD2C2B322500CC7CD8 /* Debug */ = {
			isa = XCBuildConfiguration;
			buildSettings = {
				BUILD_LIBRARY_FOR_DISTRIBUTION = YES;
				"CODE_SIGN_IDENTITY[sdk=macosx*]" = "-";
				CODE_SIGN_STYLE = Automatic;
				COMBINE_HIDPI_IMAGES = YES;
				CURRENT_PROJECT_VERSION = 1;
				DEFINES_MODULE = YES;
				DEVELOPMENT_TEAM = X8H927JWHE;
				DYLIB_COMPATIBILITY_VERSION = 1;
				DYLIB_CURRENT_VERSION = 1;
				DYLIB_INSTALL_NAME_BASE = "@rpath";
				ENABLE_MODULE_VERIFIER = YES;
				GENERATE_INFOPLIST_FILE = YES;
				INFOPLIST_KEY_NSHumanReadableCopyright = "";
				INSTALL_PATH = "$(LOCAL_LIBRARY_DIR)/Frameworks";
				LD_RUNPATH_SEARCH_PATHS = (
					"$(inherited)",
					"@executable_path/../Frameworks",
					"@loader_path/Frameworks",
				);
				MACOSX_DEPLOYMENT_TARGET = 14.5;
				MARKETING_VERSION = 1.0;
				MODULE_VERIFIER_SUPPORTED_LANGUAGES = "objective-c objective-c++";
				MODULE_VERIFIER_SUPPORTED_LANGUAGE_STANDARDS = "gnu17 gnu++20";
				PRODUCT_BUNDLE_IDENTIFIER = com.andrehaas.Domain;
				PRODUCT_NAME = "$(TARGET_NAME:c99extidentifier)";
				SDKROOT = macosx;
				SKIP_INSTALL = YES;
				SWIFT_EMIT_LOC_STRINGS = YES;
				SWIFT_INSTALL_OBJC_HEADER = NO;
				SWIFT_VERSION = 5.0;
				VERSIONING_SYSTEM = "apple-generic";
				VERSION_INFO_PREFIX = "";
			};
			name = Debug;
		};
		79EB78BE2C2B322500CC7CD8 /* Release */ = {
			isa = XCBuildConfiguration;
			buildSettings = {
				BUILD_LIBRARY_FOR_DISTRIBUTION = YES;
				"CODE_SIGN_IDENTITY[sdk=macosx*]" = "-";
				CODE_SIGN_STYLE = Automatic;
				COMBINE_HIDPI_IMAGES = YES;
				CURRENT_PROJECT_VERSION = 1;
				DEFINES_MODULE = YES;
				DEVELOPMENT_TEAM = X8H927JWHE;
				DYLIB_COMPATIBILITY_VERSION = 1;
				DYLIB_CURRENT_VERSION = 1;
				DYLIB_INSTALL_NAME_BASE = "@rpath";
				ENABLE_MODULE_VERIFIER = YES;
				GENERATE_INFOPLIST_FILE = YES;
				INFOPLIST_KEY_NSHumanReadableCopyright = "";
				INSTALL_PATH = "$(LOCAL_LIBRARY_DIR)/Frameworks";
				LD_RUNPATH_SEARCH_PATHS = (
					"$(inherited)",
					"@executable_path/../Frameworks",
					"@loader_path/Frameworks",
				);
				MACOSX_DEPLOYMENT_TARGET = 14.5;
				MARKETING_VERSION = 1.0;
				MODULE_VERIFIER_SUPPORTED_LANGUAGES = "objective-c objective-c++";
				MODULE_VERIFIER_SUPPORTED_LANGUAGE_STANDARDS = "gnu17 gnu++20";
				PRODUCT_BUNDLE_IDENTIFIER = com.andrehaas.Domain;
				PRODUCT_NAME = "$(TARGET_NAME:c99extidentifier)";
				SDKROOT = macosx;
				SKIP_INSTALL = YES;
				SWIFT_EMIT_LOC_STRINGS = YES;
				SWIFT_INSTALL_OBJC_HEADER = NO;
				SWIFT_VERSION = 5.0;
				VERSIONING_SYSTEM = "apple-generic";
				VERSION_INFO_PREFIX = "";
			};
			name = Release;
		};
		79EB78DC2C2B3D0200CC7CD8 /* Debug */ = {
			isa = XCBuildConfiguration;
			buildSettings = {
				BUILD_LIBRARY_FOR_DISTRIBUTION = YES;
				"CODE_SIGN_IDENTITY[sdk=macosx*]" = "-";
				CODE_SIGN_STYLE = Automatic;
				COMBINE_HIDPI_IMAGES = YES;
				CURRENT_PROJECT_VERSION = 1;
				DEFINES_MODULE = YES;
				DEVELOPMENT_TEAM = X8H927JWHE;
				DYLIB_COMPATIBILITY_VERSION = 1;
				DYLIB_CURRENT_VERSION = 1;
				DYLIB_INSTALL_NAME_BASE = "@rpath";
				ENABLE_MODULE_VERIFIER = YES;
				GENERATE_INFOPLIST_FILE = YES;
				INFOPLIST_KEY_NSHumanReadableCopyright = "";
				INSTALL_PATH = "$(LOCAL_LIBRARY_DIR)/Frameworks";
				LD_RUNPATH_SEARCH_PATHS = (
					"$(inherited)",
					"@executable_path/../Frameworks",
					"@loader_path/Frameworks",
				);
				MACOSX_DEPLOYMENT_TARGET = 14.5;
				MARKETING_VERSION = 1.0;
				MODULE_VERIFIER_SUPPORTED_LANGUAGES = "objective-c objective-c++";
				MODULE_VERIFIER_SUPPORTED_LANGUAGE_STANDARDS = "gnu17 gnu++20";
				PRODUCT_BUNDLE_IDENTIFIER = com.andrehaas.Data;
				PRODUCT_NAME = "$(TARGET_NAME:c99extidentifier)";
				SDKROOT = macosx;
				SKIP_INSTALL = YES;
				SWIFT_EMIT_LOC_STRINGS = YES;
				SWIFT_INSTALL_OBJC_HEADER = NO;
				SWIFT_VERSION = 5.0;
				VERSIONING_SYSTEM = "apple-generic";
				VERSION_INFO_PREFIX = "";
			};
			name = Debug;
		};
		79EB78DD2C2B3D0200CC7CD8 /* Release */ = {
			isa = XCBuildConfiguration;
			buildSettings = {
				BUILD_LIBRARY_FOR_DISTRIBUTION = YES;
				"CODE_SIGN_IDENTITY[sdk=macosx*]" = "-";
				CODE_SIGN_STYLE = Automatic;
				COMBINE_HIDPI_IMAGES = YES;
				CURRENT_PROJECT_VERSION = 1;
				DEFINES_MODULE = YES;
				DEVELOPMENT_TEAM = X8H927JWHE;
				DYLIB_COMPATIBILITY_VERSION = 1;
				DYLIB_CURRENT_VERSION = 1;
				DYLIB_INSTALL_NAME_BASE = "@rpath";
				ENABLE_MODULE_VERIFIER = YES;
				GENERATE_INFOPLIST_FILE = YES;
				INFOPLIST_KEY_NSHumanReadableCopyright = "";
				INSTALL_PATH = "$(LOCAL_LIBRARY_DIR)/Frameworks";
				LD_RUNPATH_SEARCH_PATHS = (
					"$(inherited)",
					"@executable_path/../Frameworks",
					"@loader_path/Frameworks",
				);
				MACOSX_DEPLOYMENT_TARGET = 14.5;
				MARKETING_VERSION = 1.0;
				MODULE_VERIFIER_SUPPORTED_LANGUAGES = "objective-c objective-c++";
				MODULE_VERIFIER_SUPPORTED_LANGUAGE_STANDARDS = "gnu17 gnu++20";
				PRODUCT_BUNDLE_IDENTIFIER = com.andrehaas.Data;
				PRODUCT_NAME = "$(TARGET_NAME:c99extidentifier)";
				SDKROOT = macosx;
				SKIP_INSTALL = YES;
				SWIFT_EMIT_LOC_STRINGS = YES;
				SWIFT_INSTALL_OBJC_HEADER = NO;
				SWIFT_VERSION = 5.0;
				VERSIONING_SYSTEM = "apple-generic";
				VERSION_INFO_PREFIX = "";
			};
			name = Release;
		};
		79EB78DF2C2B3D0200CC7CD8 /* Debug */ = {
			isa = XCBuildConfiguration;
			buildSettings = {
				ALWAYS_EMBED_SWIFT_STANDARD_LIBRARIES = YES;
				CODE_SIGN_STYLE = Automatic;
				CURRENT_PROJECT_VERSION = 1;
				DEVELOPMENT_TEAM = X8H927JWHE;
				GENERATE_INFOPLIST_FILE = YES;
				MACOSX_DEPLOYMENT_TARGET = 14.5;
				MARKETING_VERSION = 1.0;
				PRODUCT_BUNDLE_IDENTIFIER = com.andrehaas.DataTests;
				PRODUCT_NAME = "$(TARGET_NAME)";
				SDKROOT = macosx;
				SWIFT_EMIT_LOC_STRINGS = NO;
				SWIFT_VERSION = 5.0;
			};
			name = Debug;
		};
		79EB78E02C2B3D0200CC7CD8 /* Release */ = {
			isa = XCBuildConfiguration;
			buildSettings = {
				ALWAYS_EMBED_SWIFT_STANDARD_LIBRARIES = YES;
				CODE_SIGN_STYLE = Automatic;
				CURRENT_PROJECT_VERSION = 1;
				DEVELOPMENT_TEAM = X8H927JWHE;
				GENERATE_INFOPLIST_FILE = YES;
				MACOSX_DEPLOYMENT_TARGET = 14.5;
				MARKETING_VERSION = 1.0;
				PRODUCT_BUNDLE_IDENTIFIER = com.andrehaas.DataTests;
				PRODUCT_NAME = "$(TARGET_NAME)";
				SDKROOT = macosx;
				SWIFT_EMIT_LOC_STRINGS = NO;
				SWIFT_VERSION = 5.0;
			};
			name = Release;
		};
/* End XCBuildConfiguration section */

/* Begin XCConfigurationList section */
		79582EE82C5A8C8B00D60ABD /* Build configuration list for PBXNativeTarget "MovieTheaterDay" */ = {
			isa = XCConfigurationList;
			buildConfigurations = (
				79582EE92C5A8C8B00D60ABD /* Debug */,
				79582EEA2C5A8C8B00D60ABD /* Release */,
			);
			defaultConfigurationIsVisible = 0;
			defaultConfigurationName = Release;
		};
		79EB787D2C2B277C00CC7CD8 /* Build configuration list for PBXProject "MovieTheaterDay" */ = {
			isa = XCConfigurationList;
			buildConfigurations = (
				79EB78A52C2B277E00CC7CD8 /* Debug */,
				79EB78A62C2B277E00CC7CD8 /* Release */,
			);
			defaultConfigurationIsVisible = 0;
			defaultConfigurationName = Release;
		};
		79EB78BC2C2B322500CC7CD8 /* Build configuration list for PBXNativeTarget "Domain" */ = {
			isa = XCConfigurationList;
			buildConfigurations = (
				79EB78BD2C2B322500CC7CD8 /* Debug */,
				79EB78BE2C2B322500CC7CD8 /* Release */,
			);
			defaultConfigurationIsVisible = 0;
			defaultConfigurationName = Release;
		};
		79EB78DB2C2B3D0200CC7CD8 /* Build configuration list for PBXNativeTarget "Data" */ = {
			isa = XCConfigurationList;
			buildConfigurations = (
				79EB78DC2C2B3D0200CC7CD8 /* Debug */,
				79EB78DD2C2B3D0200CC7CD8 /* Release */,
			);
			defaultConfigurationIsVisible = 0;
			defaultConfigurationName = Release;
		};
		79EB78DE2C2B3D0200CC7CD8 /* Build configuration list for PBXNativeTarget "DataTests" */ = {
			isa = XCConfigurationList;
			buildConfigurations = (
				79EB78DF2C2B3D0200CC7CD8 /* Debug */,
				79EB78E02C2B3D0200CC7CD8 /* Release */,
			);
			defaultConfigurationIsVisible = 0;
			defaultConfigurationName = Release;
		};
/* End XCConfigurationList section */

/* Begin XCRemoteSwiftPackageReference section */
		79EB78B02C2B306100CC7CD8 /* XCRemoteSwiftPackageReference "Alamofire" */ = {
			isa = XCRemoteSwiftPackageReference;
			repositoryURL = "https://github.com/Alamofire/Alamofire.git";
			requirement = {
				kind = upToNextMajorVersion;
				minimumVersion = 5.9.1;
			};
		};
/* End XCRemoteSwiftPackageReference section */
	};
	rootObject = 79EB787A2C2B277C00CC7CD8 /* Project object */;
}
